# This file is automatically @generated by Cargo.
# It is not intended for manual editing.
version = 3

[[package]]
name = "peercast-rs"
version = "0.1.0"
dependencies = [
 "peercast-ui-gen",
]

[[package]]
name = "peercast-ui-gen"
version = "0.1.0"

[[package]]
name = "rtmp-server"
version = "0.1.0"
